
Microsoft Visual Studio Solution File, Format Version 12.00
# Visual Studio Version 17
VisualStudioVersion = 17.5.33414.496
MinimumVisualStudioVersion = 10.0.40219.1
Project("{FAE04EC0-301F-11D3-BF4B-00C04F79EFBC}") = "TraceStoreFiller", "TraceStoreFiller\TraceStoreFiller.csproj", "{BA1B4419-EF53-4A0D-ADC3-F5AA0D096E05}"
EndProject
Global
	GlobalSection(SolutionConfigurationPlatforms) = preSolution
		Debug|Any CPU = Debug|Any CPU
		Release|Any CPU = Release|Any CPU
	EndGlobalSection
	GlobalSection(ProjectConfigurationPlatforms) = postSolution
		{BA1B4419-EF53-4A0D-ADC3-F5AA0D096E05}.Debug|Any CPU.ActiveCfg = Debug|Any CPU
		{BA1B4419-EF53-4A0D-ADC3-F5AA0D096E05}.Debug|Any CPU.Build.0 = Debug|Any CPU
		{BA1B4419-EF53-4A0D-ADC3-F5AA0D096E05}.Release|Any CPU.ActiveCfg = Release|Any CPU
		{BA1B4419-EF53-4A0D-ADC3-F5AA0D096E05}.Release|Any CPU.Build.0 = Release|Any CPU
	EndGlobalSection
	GlobalSection(SolutionProperties) = preSolution
		HideSolutionNode = FALSE
	EndGlobalSection
	GlobalSection(ExtensibilityGlobals) = postSolution
		SolutionGuid = {29688CF9-7A76-4E26-A36C-3C77EBB6713C}
	EndGlobalSection
EndGlobal
